{
  "name": "Notion",
  "lockfileVersion": 3,
  "requires": true,
  "packages": {
    "": {
      "dependencies": {
        "chrome-types": "^0.1.300"
      }
    },
    "node_modules/chrome-types": {
      "version": "0.1.300",
      "resolved": "https://registry.npmjs.org/chrome-types/-/chrome-types-0.1.300.tgz",
      "integrity": "sha512-7kHkTb+0eYr9s42B5dhL8MXg3za7S8qLshUbCKzADeRNhlNW8XFSKQvdDe/lwVsHLMwWpRI9c7WKV/iT5ns8iA=="
    }
  }
}
